
Microsoft Visual Studio Solution File, Format Version 12.00
# Visual Studio 15
VisualStudioVersion = 15.0.26730.16
MinimumVisualStudioVersion = 10.0.40219.1
Project("{FAE04EC0-301F-11D3-BF4B-00C04F79EFBC}") = "Anagram", "Anagram\Anagram.csproj", "{A61B8008-B349-431E-B92D-C8F84AD4B47E}"
EndProject
Project("{FAE04EC0-301F-11D3-BF4B-00C04F79EFBC}") = "Anagram.UnitTests", "Anagram.UnitTests\Anagram.UnitTests.csproj", "{2781CC89-1E98-49C2-9161-645B1FDB3296}"
EndProject
Global
	GlobalSection(SolutionConfigurationPlatforms) = preSolution
		Debug|Any CPU = Debug|Any CPU
		Release|Any CPU = Release|Any CPU
	EndGlobalSection
	GlobalSection(ProjectConfigurationPlatforms) = postSolution
		{A61B8008-B349-431E-B92D-C8F84AD4B47E}.Debug|Any CPU.ActiveCfg = Debug|Any CPU
		{A61B8008-B349-431E-B92D-C8F84AD4B47E}.Debug|Any CPU.Build.0 = Debug|Any CPU
		{A61B8008-B349-431E-B92D-C8F84AD4B47E}.Release|Any CPU.ActiveCfg = Release|Any CPU
		{A61B8008-B349-431E-B92D-C8F84AD4B47E}.Release|Any CPU.Build.0 = Release|Any CPU
		{2781CC89-1E98-49C2-9161-645B1FDB3296}.Debug|Any CPU.ActiveCfg = Debug|Any CPU
		{2781CC89-1E98-49C2-9161-645B1FDB3296}.Debug|Any CPU.Build.0 = Debug|Any CPU
		{2781CC89-1E98-49C2-9161-645B1FDB3296}.Release|Any CPU.ActiveCfg = Release|Any CPU
		{2781CC89-1E98-49C2-9161-645B1FDB3296}.Release|Any CPU.Build.0 = Release|Any CPU
	EndGlobalSection
	GlobalSection(SolutionProperties) = preSolution
		HideSolutionNode = FALSE
	EndGlobalSection
	GlobalSection(ExtensibilityGlobals) = postSolution
		SolutionGuid = {76E990F5-5C47-48E1-BE0D-067DF2087ECE}
	EndGlobalSection
EndGlobal
