
Microsoft Visual Studio Solution File, Format Version 12.00
# Visual Studio Version 17
VisualStudioVersion = 17.1.31903.286
MinimumVisualStudioVersion = 10.0.40219.1
Project("{FAE04EC0-301F-11D3-BF4B-00C04F79EFBC}") = "Anagram", "Anagram\Anagram.csproj", "{167E93FA-9D62-4E22-91D9-A36859569C4F}"
EndProject
Project("{FAE04EC0-301F-11D3-BF4B-00C04F79EFBC}") = "Anagram.UnitTests", "Anagram.UnitTests\Anagram.UnitTests.csproj", "{196D28E5-81AF-4B17-B8E9-B63384567A79}"
EndProject
Global
	GlobalSection(SolutionConfigurationPlatforms) = preSolution
		Debug|Any CPU = Debug|Any CPU
		Release|Any CPU = Release|Any CPU
	EndGlobalSection
	GlobalSection(ProjectConfigurationPlatforms) = postSolution
		{167E93FA-9D62-4E22-91D9-A36859569C4F}.Debug|Any CPU.ActiveCfg = Debug|Any CPU
		{167E93FA-9D62-4E22-91D9-A36859569C4F}.Debug|Any CPU.Build.0 = Debug|Any CPU
		{167E93FA-9D62-4E22-91D9-A36859569C4F}.Release|Any CPU.ActiveCfg = Release|Any CPU
		{167E93FA-9D62-4E22-91D9-A36859569C4F}.Release|Any CPU.Build.0 = Release|Any CPU
		{196D28E5-81AF-4B17-B8E9-B63384567A79}.Debug|Any CPU.ActiveCfg = Debug|Any CPU
		{196D28E5-81AF-4B17-B8E9-B63384567A79}.Debug|Any CPU.Build.0 = Debug|Any CPU
		{196D28E5-81AF-4B17-B8E9-B63384567A79}.Release|Any CPU.ActiveCfg = Release|Any CPU
		{196D28E5-81AF-4B17-B8E9-B63384567A79}.Release|Any CPU.Build.0 = Release|Any CPU
	EndGlobalSection
	GlobalSection(SolutionProperties) = preSolution
		HideSolutionNode = FALSE
	EndGlobalSection
	GlobalSection(ExtensibilityGlobals) = postSolution
		SolutionGuid = {02868C02-B36C-4C6A-9DB5-CEF1AEBDB58E}
	EndGlobalSection
EndGlobal
